
Microsoft Visual Studio Solution File, Format Version 12.00
Project("{FAE04EC0-301F-11D3-BF4B-00C04F79EFBC}") = "Criptografie", "Criptografie\Criptografie.csproj", "{6EBD6CD2-EC0F-4B0F-8D87-EB5F7EA0B710}"
EndProject
Global
	GlobalSection(SolutionConfigurationPlatforms) = preSolution
		Debug|Any CPU = Debug|Any CPU
		Release|Any CPU = Release|Any CPU
	EndGlobalSection
	GlobalSection(ProjectConfigurationPlatforms) = postSolution
		{6EBD6CD2-EC0F-4B0F-8D87-EB5F7EA0B710}.Debug|Any CPU.ActiveCfg = Debug|Any CPU
		{6EBD6CD2-EC0F-4B0F-8D87-EB5F7EA0B710}.Debug|Any CPU.Build.0 = Debug|Any CPU
		{6EBD6CD2-EC0F-4B0F-8D87-EB5F7EA0B710}.Release|Any CPU.ActiveCfg = Release|Any CPU
		{6EBD6CD2-EC0F-4B0F-8D87-EB5F7EA0B710}.Release|Any CPU.Build.0 = Release|Any CPU
	EndGlobalSection
EndGlobal
